
Microsoft Visual Studio Solution File, Format Version 12.00
# Visual Studio Version 17
VisualStudioVersion = 17.3.32922.545
MinimumVisualStudioVersion = 10.0.40219.1
Project("{9A19103F-16F7-4668-BE54-9A1E7A4F7556}") = "CleanArchitecture.API", "CleanArchitecture.API\CleanArchitecture.API.csproj", "{74D544BA-6169-4A90-8EB7-FC62A6857B41}"
EndProject
Project("{9A19103F-16F7-4668-BE54-9A1E7A4F7556}") = "CleanArchitecture.Core", "CleanArchitecture.Core\CleanArchitecture.Core.csproj", "{2CBFF474-0E16-4C35-9710-613D88C128FD}"
EndProject
Project("{9A19103F-16F7-4668-BE54-9A1E7A4F7556}") = "CleanArchitecture.Infrastracture", "CleanArchitecture.Infrastracture\CleanArchitecture.Infrastracture.csproj", "{447512F0-8B11-444D-A665-16A00D4A7A9E}"
EndProject
Project("{9A19103F-16F7-4668-BE54-9A1E7A4F7556}") = "CleanArchitecture.Services", "CleanArchitecture.Services\CleanArchitecture.Services.csproj", "{5A8B2F8B-67D0-43EB-BE49-FA44B4EB72DD}"
EndProject
Project("{FAE04EC0-301F-11D3-BF4B-00C04F79EFBC}") = "CleanArchitecture.Shared", "CleanArchitecture.Shared\CleanArchitecture.Shared.csproj", "{C15DC7BB-0C09-4C2A-8EB2-03FB981E8A01}"
EndProject
Global
	GlobalSection(SolutionConfigurationPlatforms) = preSolution
		Debug|Any CPU = Debug|Any CPU
		Release|Any CPU = Release|Any CPU
	EndGlobalSection
	GlobalSection(ProjectConfigurationPlatforms) = postSolution
		{74D544BA-6169-4A90-8EB7-FC62A6857B41}.Debug|Any CPU.ActiveCfg = Debug|Any CPU
		{74D544BA-6169-4A90-8EB7-FC62A6857B41}.Debug|Any CPU.Build.0 = Debug|Any CPU
		{74D544BA-6169-4A90-8EB7-FC62A6857B41}.Release|Any CPU.ActiveCfg = Release|Any CPU
		{74D544BA-6169-4A90-8EB7-FC62A6857B41}.Release|Any CPU.Build.0 = Release|Any CPU
		{2CBFF474-0E16-4C35-9710-613D88C128FD}.Debug|Any CPU.ActiveCfg = Debug|Any CPU
		{2CBFF474-0E16-4C35-9710-613D88C128FD}.Debug|Any CPU.Build.0 = Debug|Any CPU
		{2CBFF474-0E16-4C35-9710-613D88C128FD}.Release|Any CPU.ActiveCfg = Release|Any CPU
		{2CBFF474-0E16-4C35-9710-613D88C128FD}.Release|Any CPU.Build.0 = Release|Any CPU
		{447512F0-8B11-444D-A665-16A00D4A7A9E}.Debug|Any CPU.ActiveCfg = Debug|Any CPU
		{447512F0-8B11-444D-A665-16A00D4A7A9E}.Debug|Any CPU.Build.0 = Debug|Any CPU
		{447512F0-8B11-444D-A665-16A00D4A7A9E}.Release|Any CPU.ActiveCfg = Release|Any CPU
		{447512F0-8B11-444D-A665-16A00D4A7A9E}.Release|Any CPU.Build.0 = Release|Any CPU
		{5A8B2F8B-67D0-43EB-BE49-FA44B4EB72DD}.Debug|Any CPU.ActiveCfg = Debug|Any CPU
		{5A8B2F8B-67D0-43EB-BE49-FA44B4EB72DD}.Debug|Any CPU.Build.0 = Debug|Any CPU
		{5A8B2F8B-67D0-43EB-BE49-FA44B4EB72DD}.Release|Any CPU.ActiveCfg = Release|Any CPU
		{5A8B2F8B-67D0-43EB-BE49-FA44B4EB72DD}.Release|Any CPU.Build.0 = Release|Any CPU
		{C15DC7BB-0C09-4C2A-8EB2-03FB981E8A01}.Debug|Any CPU.ActiveCfg = Debug|Any CPU
		{C15DC7BB-0C09-4C2A-8EB2-03FB981E8A01}.Debug|Any CPU.Build.0 = Debug|Any CPU
		{C15DC7BB-0C09-4C2A-8EB2-03FB981E8A01}.Release|Any CPU.ActiveCfg = Release|Any CPU
		{C15DC7BB-0C09-4C2A-8EB2-03FB981E8A01}.Release|Any CPU.Build.0 = Release|Any CPU
	EndGlobalSection
	GlobalSection(SolutionProperties) = preSolution
		HideSolutionNode = FALSE
	EndGlobalSection
	GlobalSection(ExtensibilityGlobals) = postSolution
		SolutionGuid = {EE61E085-FFB5-41EA-915D-DC69A0FB3CCC}
	EndGlobalSection
EndGlobal
